Microsoft Visual Studio Solution File, Format Version 12.00
# Visual Studio Version 17
VisualStudioVersion = 17.5.2.0
MinimumVisualStudioVersion = 10.0.40219.1
Project("{FAE04EC0-301F-11D3-BF4B-00C04F79EFBC}") = "WallTrek2", "WallTrek2.csproj", "{8A6D4982-9674-558B-84C0-622552D28182}"
EndProject
Global
	GlobalSection(SolutionConfigurationPlatforms) = preSolution
		Debug|Any CPU = Debug|Any CPU
		Release|Any CPU = Release|Any CPU
	EndGlobalSection
	GlobalSection(ProjectConfigurationPlatforms) = postSolution
		{8A6D4982-9674-558B-84C0-622552D28182}.Debug|Any CPU.ActiveCfg = Debug|Any CPU
		{8A6D4982-9674-558B-84C0-622552D28182}.Debug|Any CPU.Build.0 = Debug|Any CPU
		{8A6D4982-9674-558B-84C0-622552D28182}.Release|Any CPU.ActiveCfg = Release|Any CPU
		{8A6D4982-9674-558B-84C0-622552D28182}.Release|Any CPU.Build.0 = Release|Any CPU
	EndGlobalSection
	GlobalSection(SolutionProperties) = preSolution
		HideSolutionNode = FALSE
	EndGlobalSection
	GlobalSection(ExtensibilityGlobals) = postSolution
		SolutionGuid = {D4759089-DAC8-4332-A295-B221D1E3515E}
	EndGlobalSection
EndGlobal
